
Microsoft Visual Studio Solution File, Format Version 12.00
# Visual Studio Version 17
VisualStudioVersion = 17.13.35931.197
MinimumVisualStudioVersion = 10.0.40219.1
Project("{FAE04EC0-301F-11D3-BF4B-00C04F79EFBC}") = "App.Repositories", "Repositories\App.Repositories.csproj", "{86AD02F9-0601-4FA5-B1D1-DA6D1A1C5335}"
EndProject
Project("{FAE04EC0-301F-11D3-BF4B-00C04F79EFBC}") = "App.Services", "Services\App.Services.csproj", "{664597D8-5C90-4AC9-81B1-DD40F04DC0F3}"
EndProject
Project("{FAE04EC0-301F-11D3-BF4B-00C04F79EFBC}") = "App.API", "App.API\App.API.csproj", "{40B9F4B1-E338-42C1-A898-C14645E5468B}"
EndProject
Project("{2150E333-8FDC-42A3-9474-1A3956D46DE8}") = "NLayer", "NLayer", "{02EA681E-C7D8-13C7-8484-4AC65E1B71E8}"
EndProject
Project("{2150E333-8FDC-42A3-9474-1A3956D46DE8}") = "CleanArchitecture", "CleanArchitecture", "{33238F89-08D6-4A9A-BEA9-057011B4B51E}"
EndProject
Project("{2150E333-8FDC-42A3-9474-1A3956D46DE8}") = "Src", "Src", "{F32D122D-3203-4B0E-AA34-F3C71AB559CE}"
EndProject
Project("{2150E333-8FDC-42A3-9474-1A3956D46DE8}") = "Test", "Test", "{BBB2879D-80FD-4236-ADD9-6A33405C993E}"
EndProject
Project("{FAE04EC0-301F-11D3-BF4B-00C04F79EFBC}") = "App.Domain", "App.Domain\App.Domain.csproj", "{66494D74-1256-40D4-9F98-7209BFD24AAA}"
EndProject
Project("{2150E333-8FDC-42A3-9474-1A3956D46DE8}") = "Core", "Core", "{528AE619-FC44-4CC6-9CF8-FED42637FDDA}"
EndProject
Project("{FAE04EC0-301F-11D3-BF4B-00C04F79EFBC}") = "App.Aplication", "App.Aplication\App.Aplication.csproj", "{24BB1502-7CBA-4186-99B1-D0212D291511}"
EndProject
Project("{2150E333-8FDC-42A3-9474-1A3956D46DE8}") = "Infrastructure", "Infrastructure", "{1B10174F-2B30-4A77-81DA-8FA8E0856F10}"
EndProject
Project("{FAE04EC0-301F-11D3-BF4B-00C04F79EFBC}") = "App.Persistence", "App.Persistence\App.Persistence.csproj", "{77C4258B-A16B-4E99-8B39-BC33A38BB3BE}"
EndProject
Project("{2150E333-8FDC-42A3-9474-1A3956D46DE8}") = "API", "API", "{35B083C1-AFC7-4656-BBE1-E5269131AAB8}"
EndProject
Project("{FAE04EC0-301F-11D3-BF4B-00C04F79EFBC}") = "CleanApp.API", "CleanApp.API\CleanApp.API.csproj", "{54D8B3E0-69DB-48D9-BA1B-B92B6877A618}"
EndProject
Global
	GlobalSection(SolutionConfigurationPlatforms) = preSolution
		Debug|Any CPU = Debug|Any CPU
		Release|Any CPU = Release|Any CPU
	EndGlobalSection
	GlobalSection(ProjectConfigurationPlatforms) = postSolution
		{86AD02F9-0601-4FA5-B1D1-DA6D1A1C5335}.Debug|Any CPU.ActiveCfg = Debug|Any CPU
		{86AD02F9-0601-4FA5-B1D1-DA6D1A1C5335}.Debug|Any CPU.Build.0 = Debug|Any CPU
		{86AD02F9-0601-4FA5-B1D1-DA6D1A1C5335}.Release|Any CPU.ActiveCfg = Release|Any CPU
		{86AD02F9-0601-4FA5-B1D1-DA6D1A1C5335}.Release|Any CPU.Build.0 = Release|Any CPU
		{664597D8-5C90-4AC9-81B1-DD40F04DC0F3}.Debug|Any CPU.ActiveCfg = Debug|Any CPU
		{664597D8-5C90-4AC9-81B1-DD40F04DC0F3}.Debug|Any CPU.Build.0 = Debug|Any CPU
		{664597D8-5C90-4AC9-81B1-DD40F04DC0F3}.Release|Any CPU.ActiveCfg = Release|Any CPU
		{664597D8-5C90-4AC9-81B1-DD40F04DC0F3}.Release|Any CPU.Build.0 = Release|Any CPU
		{40B9F4B1-E338-42C1-A898-C14645E5468B}.Debug|Any CPU.ActiveCfg = Debug|Any CPU
		{40B9F4B1-E338-42C1-A898-C14645E5468B}.Debug|Any CPU.Build.0 = Debug|Any CPU
		{40B9F4B1-E338-42C1-A898-C14645E5468B}.Release|Any CPU.ActiveCfg = Release|Any CPU
		{40B9F4B1-E338-42C1-A898-C14645E5468B}.Release|Any CPU.Build.0 = Release|Any CPU
		{66494D74-1256-40D4-9F98-7209BFD24AAA}.Debug|Any CPU.ActiveCfg = Debug|Any CPU
		{66494D74-1256-40D4-9F98-7209BFD24AAA}.Debug|Any CPU.Build.0 = Debug|Any CPU
		{66494D74-1256-40D4-9F98-7209BFD24AAA}.Release|Any CPU.ActiveCfg = Release|Any CPU
		{66494D74-1256-40D4-9F98-7209BFD24AAA}.Release|Any CPU.Build.0 = Release|Any CPU
		{24BB1502-7CBA-4186-99B1-D0212D291511}.Debug|Any CPU.ActiveCfg = Debug|Any CPU
		{24BB1502-7CBA-4186-99B1-D0212D291511}.Debug|Any CPU.Build.0 = Debug|Any CPU
		{24BB1502-7CBA-4186-99B1-D0212D291511}.Release|Any CPU.ActiveCfg = Release|Any CPU
		{24BB1502-7CBA-4186-99B1-D0212D291511}.Release|Any CPU.Build.0 = Release|Any CPU
		{77C4258B-A16B-4E99-8B39-BC33A38BB3BE}.Debug|Any CPU.ActiveCfg = Debug|Any CPU
		{77C4258B-A16B-4E99-8B39-BC33A38BB3BE}.Debug|Any CPU.Build.0 = Debug|Any CPU
		{77C4258B-A16B-4E99-8B39-BC33A38BB3BE}.Release|Any CPU.ActiveCfg = Release|Any CPU
		{77C4258B-A16B-4E99-8B39-BC33A38BB3BE}.Release|Any CPU.Build.0 = Release|Any CPU
		{54D8B3E0-69DB-48D9-BA1B-B92B6877A618}.Debug|Any CPU.ActiveCfg = Debug|Any CPU
		{54D8B3E0-69DB-48D9-BA1B-B92B6877A618}.Debug|Any CPU.Build.0 = Debug|Any CPU
		{54D8B3E0-69DB-48D9-BA1B-B92B6877A618}.Release|Any CPU.ActiveCfg = Release|Any CPU
		{54D8B3E0-69DB-48D9-BA1B-B92B6877A618}.Release|Any CPU.Build.0 = Release|Any CPU
	EndGlobalSection
	GlobalSection(SolutionProperties) = preSolution
		HideSolutionNode = FALSE
	EndGlobalSection
	GlobalSection(NestedProjects) = preSolution
		{86AD02F9-0601-4FA5-B1D1-DA6D1A1C5335} = {02EA681E-C7D8-13C7-8484-4AC65E1B71E8}
		{664597D8-5C90-4AC9-81B1-DD40F04DC0F3} = {02EA681E-C7D8-13C7-8484-4AC65E1B71E8}
		{40B9F4B1-E338-42C1-A898-C14645E5468B} = {02EA681E-C7D8-13C7-8484-4AC65E1B71E8}
		{F32D122D-3203-4B0E-AA34-F3C71AB559CE} = {33238F89-08D6-4A9A-BEA9-057011B4B51E}
		{BBB2879D-80FD-4236-ADD9-6A33405C993E} = {33238F89-08D6-4A9A-BEA9-057011B4B51E}
		{66494D74-1256-40D4-9F98-7209BFD24AAA} = {528AE619-FC44-4CC6-9CF8-FED42637FDDA}
		{528AE619-FC44-4CC6-9CF8-FED42637FDDA} = {F32D122D-3203-4B0E-AA34-F3C71AB559CE}
		{24BB1502-7CBA-4186-99B1-D0212D291511} = {528AE619-FC44-4CC6-9CF8-FED42637FDDA}
		{1B10174F-2B30-4A77-81DA-8FA8E0856F10} = {F32D122D-3203-4B0E-AA34-F3C71AB559CE}
		{77C4258B-A16B-4E99-8B39-BC33A38BB3BE} = {1B10174F-2B30-4A77-81DA-8FA8E0856F10}
		{35B083C1-AFC7-4656-BBE1-E5269131AAB8} = {F32D122D-3203-4B0E-AA34-F3C71AB559CE}
		{54D8B3E0-69DB-48D9-BA1B-B92B6877A618} = {35B083C1-AFC7-4656-BBE1-E5269131AAB8}
	EndGlobalSection
	GlobalSection(ExtensibilityGlobals) = postSolution
		SolutionGuid = {A353C654-BE5A-4AB4-BC0C-4DEB0E5BA246}
	EndGlobalSection
EndGlobal
