
Microsoft Visual Studio Solution File, Format Version 12.00
# Visual Studio Version 17
VisualStudioVersion = 17.13.35931.197
MinimumVisualStudioVersion = 10.0.40219.1
Project("{FAE04EC0-301F-11D3-BF4B-00C04F79EFBC}") = "App.Repositories", "Repositories\App.Repositories.csproj", "{86AD02F9-0601-4FA5-B1D1-DA6D1A1C5335}"
EndProject
Project("{FAE04EC0-301F-11D3-BF4B-00C04F79EFBC}") = "App.Services", "Services\App.Services.csproj", "{664597D8-5C90-4AC9-81B1-DD40F04DC0F3}"
EndProject
Project("{FAE04EC0-301F-11D3-BF4B-00C04F79EFBC}") = "App.API", "App.API\App.API.csproj", "{40B9F4B1-E338-42C1-A898-C14645E5468B}"
EndProject
Global
	GlobalSection(SolutionConfigurationPlatforms) = preSolution
		Debug|Any CPU = Debug|Any CPU
		Release|Any CPU = Release|Any CPU
	EndGlobalSection
	GlobalSection(ProjectConfigurationPlatforms) = postSolution
		{86AD02F9-0601-4FA5-B1D1-DA6D1A1C5335}.Debug|Any CPU.ActiveCfg = Debug|Any CPU
		{86AD02F9-0601-4FA5-B1D1-DA6D1A1C5335}.Debug|Any CPU.Build.0 = Debug|Any CPU
		{86AD02F9-0601-4FA5-B1D1-DA6D1A1C5335}.Release|Any CPU.ActiveCfg = Release|Any CPU
		{86AD02F9-0601-4FA5-B1D1-DA6D1A1C5335}.Release|Any CPU.Build.0 = Release|Any CPU
		{664597D8-5C90-4AC9-81B1-DD40F04DC0F3}.Debug|Any CPU.ActiveCfg = Debug|Any CPU
		{664597D8-5C90-4AC9-81B1-DD40F04DC0F3}.Debug|Any CPU.Build.0 = Debug|Any CPU
		{664597D8-5C90-4AC9-81B1-DD40F04DC0F3}.Release|Any CPU.ActiveCfg = Release|Any CPU
		{664597D8-5C90-4AC9-81B1-DD40F04DC0F3}.Release|Any CPU.Build.0 = Release|Any CPU
		{40B9F4B1-E338-42C1-A898-C14645E5468B}.Debug|Any CPU.ActiveCfg = Debug|Any CPU
		{40B9F4B1-E338-42C1-A898-C14645E5468B}.Debug|Any CPU.Build.0 = Debug|Any CPU
		{40B9F4B1-E338-42C1-A898-C14645E5468B}.Release|Any CPU.ActiveCfg = Release|Any CPU
		{40B9F4B1-E338-42C1-A898-C14645E5468B}.Release|Any CPU.Build.0 = Release|Any CPU
	EndGlobalSection
	GlobalSection(SolutionProperties) = preSolution
		HideSolutionNode = FALSE
	EndGlobalSection
	GlobalSection(ExtensibilityGlobals) = postSolution
		SolutionGuid = {A353C654-BE5A-4AB4-BC0C-4DEB0E5BA246}
	EndGlobalSection
EndGlobal
